
Microsoft Visual Studio Solution File, Format Version 12.00
# Visual Studio Version 16
VisualStudioVersion = 16.0.33927.289
MinimumVisualStudioVersion = 10.0.40219.1
Project("{2150E333-8FDC-42A3-9474-1A3956D46DE8}") = "Task0", "Task0", "{8A64362E-CE0B-4189-850E-E9AF3C954785}"
EndProject
Project("{2150E333-8FDC-42A3-9474-1A3956D46DE8}") = "Task1", "Task1", "{AB9418F3-60ED-4EE7-A3F3-12FC1CBEFD0B}"
EndProject
Project("{2150E333-8FDC-42A3-9474-1A3956D46DE8}") = "Task2", "Task2", "{0D3F741B-3F40-4CCA-9999-15E9CF313D4E}"
EndProject
Project("{2150E333-8FDC-42A3-9474-1A3956D46DE8}") = "Task3", "Task3", "{643DC34B-8100-4A51-A267-C935F40532A4}"
EndProject
Project("{2150E333-8FDC-42A3-9474-1A3956D46DE8}") = "Task4", "Task4", "{C3F46E3A-E23F-426B-B3C4-00617DD98CC3}"
EndProject
Project("{2150E333-8FDC-42A3-9474-1A3956D46DE8}") = "Task5", "Task5", "{D67D4B4A-8F71-4F83-9CD4-8EA04968B6DF}"
EndProject
Project("{2150E333-8FDC-42A3-9474-1A3956D46DE8}") = "Task6", "Task6", "{582DCDC8-2A3A-48CC-B3F6-A2BF0E60B3D2}"
EndProject
Project("{2150E333-8FDC-42A3-9474-1A3956D46DE8}") = "Task7", "Task7", "{EC62C2B9-3B5C-407F-9506-55E0CB54AEAE}"
EndProject
Project("{FAE04EC0-301F-11D3-BF4B-00C04F79EFBC}") = "Tyuiu.TolmachevVVnew.Sprint0.Task0", "Tyuiu. TolmachevVVnew.Sprint0.Task0\Tyuiu.TolmachevVVnew.Sprint0.Task0.csproj", "{D1D9E541-5574-4E57-B639-8740FB21BABB}"
EndProject
Project("{FAE04EC0-301F-11D3-BF4B-00C04F79EFBC}") = "Tyuiu.TolmachevVVnew.Sprint0.Task1", "Tyuiu.TolmachevVVnew.Sprint0.Task1\Tyuiu.TolmachevVVnew.Sprint0.Task1.csproj", "{923DAA5E-5D52-4459-9547-FCFAABA7DFA3}"
EndProject
Project("{FAE04EC0-301F-11D3-BF4B-00C04F79EFBC}") = "Tyuiu. TolmachevVVnew.Sprint0.Task2", "Tyuiu. TolmachevVVnew.Sprint0.Task2\Tyuiu. TolmachevVVnew.Sprint0.Task2.csproj", "{3C87CADE-F2D9-4669-97C1-037574474136}"
EndProject
Project("{FAE04EC0-301F-11D3-BF4B-00C04F79EFBC}") = "Tyuiu.TolmachevVVnew.Sprint0.Task2.Lib", "Tyuiu.TolmachevVVnew.Sprint0.Task2.Lib\Tyuiu.TolmachevVVnew.Sprint0.Task2.Lib.csproj", "{29823B1F-3E2B-4C59-9D69-CC3EFF869A33}"
EndProject
Project("{FAE04EC0-301F-11D3-BF4B-00C04F79EFBC}") = "Tyuiu.TolmachevVVnew.Sprint0.Task2.Test", "Tyuiu.TolmachevVVnew.Sprint0.Task2.Test\Tyuiu.TolmachevVVnew.Sprint0.Task2.Test.csproj", "{11C2DC57-A14D-493A-9D0A-8623BC3DD975}"
EndProject
Project("{FAE04EC0-301F-11D3-BF4B-00C04F79EFBC}") = "Tyuiu.TolmachevVVnew.Sprint0.Task3", "Tyuiu.TolmachevVVnew.Sprint0.Task3\Tyuiu.TolmachevVVnew.Sprint0.Task3.csproj", "{0E744F87-685C-4846-AF6F-C755F69F86E7}"
EndProject
Project("{FAE04EC0-301F-11D3-BF4B-00C04F79EFBC}") = "Tyuiu.TolmachevVVnew.Sprint0.Task3.Lib", "Tyuiu.TolmachevVVnew.Sprint0.Task3.Lib\Tyuiu.TolmachevVVnew.Sprint0.Task3.Lib.csproj", "{8EEDFEB8-F694-4A6C-B414-2E8E8C5E38CF}"
EndProject
Project("{FAE04EC0-301F-11D3-BF4B-00C04F79EFBC}") = "Tyuiu.TolmachevVVnew.Sprint0.Task3.Test", "Tyuiu.TolmachevVVnew.Sprint0.Task3.Test\Tyuiu.TolmachevVVnew.Sprint0.Task3.Test.csproj", "{B311E84C-677C-423F-83FF-C42354DB5E0B}"
EndProject
Project("{FAE04EC0-301F-11D3-BF4B-00C04F79EFBC}") = "Tyuiu.TolmachevVVnew.Sprint0.Task4", "Tyuiu.TolmachevVVnew.Sprint0.Task4\Tyuiu.TolmachevVVnew.Sprint0.Task4.csproj", "{6BB525AD-36BB-432C-9B84-C02037453B25}"
EndProject
Project("{FAE04EC0-301F-11D3-BF4B-00C04F79EFBC}") = "Tyuiu.TolmachevVVnew.Sprint0.Task4.Lib", "Tyuiu.TolmachevVVnew.Sprint0.Task4.Lib\Tyuiu.TolmachevVVnew.Sprint0.Task4.Lib.csproj", "{BBF1DCB6-30F1-4DA2-B51D-9330CD67F3A8}"
EndProject
Project("{FAE04EC0-301F-11D3-BF4B-00C04F79EFBC}") = "Tyuiu.TolmachevVVnew.Sprint0.Task4.Test", "Tyuiu.TolmachevVVnew.Sprint0.Task4.Test\Tyuiu.TolmachevVVnew.Sprint0.Task4.Test.csproj", "{B3CDE801-C691-4BEF-950A-46D472AC3B12}"
EndProject
Project("{FAE04EC0-301F-11D3-BF4B-00C04F79EFBC}") = "Tyuiu.TolmachevVVnew.Sprint0.Task5", "Tyuiu.TolmachevVVnew.Sprint0.Task5\Tyuiu.TolmachevVVnew.Sprint0.Task5.csproj", "{9D8D686F-ED04-4B10-AAAD-48BA13A54D4C}"
EndProject
Project("{FAE04EC0-301F-11D3-BF4B-00C04F79EFBC}") = "Tyuiu.TolmachevVVnew.Sprint0.Task5.Lib", "Tyuiu.TolmachevVVnew.Sprint0.Task5.Lib\Tyuiu.TolmachevVVnew.Sprint0.Task5.Lib.csproj", "{89EA35EA-3380-424B-9248-190778449BDF}"
EndProject
Project("{FAE04EC0-301F-11D3-BF4B-00C04F79EFBC}") = "Tyuiu.TolmachevVVnew.Sprint0.Task5.Test", "Tyuiu.TolmachevVVnew.Sprint0.Task5.Test\Tyuiu.TolmachevVVnew.Sprint0.Task5.Test.csproj", "{6522A93C-F320-4373-84B6-959A1DA81E1F}"
EndProject
Project("{FAE04EC0-301F-11D3-BF4B-00C04F79EFBC}") = "Tyuiu.TolmachevVVnew.Sprint0.Task6", "Tyuiu.TolmachevVVnew.Sprint0.Task6\Tyuiu.TolmachevVVnew.Sprint0.Task6.csproj", "{8B3E64D3-AC74-490D-96DB-4928D93C73B1}"
EndProject
Project("{FAE04EC0-301F-11D3-BF4B-00C04F79EFBC}") = "Tyuiu.TolmachevVVnew.Sprint0.Task6.Lib", "Tyuiu.TolmachevVVnew.Sprint0.Task6.Lib\Tyuiu.TolmachevVVnew.Sprint0.Task6.Lib.csproj", "{13345F05-7B73-4AF3-ACC4-51E605BA8D76}"
EndProject
Project("{FAE04EC0-301F-11D3-BF4B-00C04F79EFBC}") = "Tyuiu.TolmachevVVnew.Sprint0.Task6.Test", "Tyuiu.TolmachevVVnew.Sprint0.Task6.Test\Tyuiu.TolmachevVVnew.Sprint0.Task6.Test.csproj", "{52B74A02-A5C5-4F35-88DE-3B2E5D3BAA6D}"
EndProject
Global
	GlobalSection(SolutionConfigurationPlatforms) = preSolution
		Debug|Any CPU = Debug|Any CPU
		Release|Any CPU = Release|Any CPU
	EndGlobalSection
	GlobalSection(ProjectConfigurationPlatforms) = postSolution
		{D1D9E541-5574-4E57-B639-8740FB21BABB}.Debug|Any CPU.ActiveCfg = Debug|Any CPU
		{D1D9E541-5574-4E57-B639-8740FB21BABB}.Debug|Any CPU.Build.0 = Debug|Any CPU
		{D1D9E541-5574-4E57-B639-8740FB21BABB}.Release|Any CPU.ActiveCfg = Release|Any CPU
		{D1D9E541-5574-4E57-B639-8740FB21BABB}.Release|Any CPU.Build.0 = Release|Any CPU
		{923DAA5E-5D52-4459-9547-FCFAABA7DFA3}.Debug|Any CPU.ActiveCfg = Debug|Any CPU
		{923DAA5E-5D52-4459-9547-FCFAABA7DFA3}.Debug|Any CPU.Build.0 = Debug|Any CPU
		{923DAA5E-5D52-4459-9547-FCFAABA7DFA3}.Release|Any CPU.ActiveCfg = Release|Any CPU
		{923DAA5E-5D52-4459-9547-FCFAABA7DFA3}.Release|Any CPU.Build.0 = Release|Any CPU
		{3C87CADE-F2D9-4669-97C1-037574474136}.Debug|Any CPU.ActiveCfg = Debug|Any CPU
		{3C87CADE-F2D9-4669-97C1-037574474136}.Debug|Any CPU.Build.0 = Debug|Any CPU
		{3C87CADE-F2D9-4669-97C1-037574474136}.Release|Any CPU.ActiveCfg = Release|Any CPU
		{3C87CADE-F2D9-4669-97C1-037574474136}.Release|Any CPU.Build.0 = Release|Any CPU
		{29823B1F-3E2B-4C59-9D69-CC3EFF869A33}.Debug|Any CPU.ActiveCfg = Debug|Any CPU
		{29823B1F-3E2B-4C59-9D69-CC3EFF869A33}.Debug|Any CPU.Build.0 = Debug|Any CPU
		{29823B1F-3E2B-4C59-9D69-CC3EFF869A33}.Release|Any CPU.ActiveCfg = Release|Any CPU
		{29823B1F-3E2B-4C59-9D69-CC3EFF869A33}.Release|Any CPU.Build.0 = Release|Any CPU
		{11C2DC57-A14D-493A-9D0A-8623BC3DD975}.Debug|Any CPU.ActiveCfg = Debug|Any CPU
		{11C2DC57-A14D-493A-9D0A-8623BC3DD975}.Debug|Any CPU.Build.0 = Debug|Any CPU
		{11C2DC57-A14D-493A-9D0A-8623BC3DD975}.Release|Any CPU.ActiveCfg = Release|Any CPU
		{11C2DC57-A14D-493A-9D0A-8623BC3DD975}.Release|Any CPU.Build.0 = Release|Any CPU
		{0E744F87-685C-4846-AF6F-C755F69F86E7}.Debug|Any CPU.ActiveCfg = Debug|Any CPU
		{0E744F87-685C-4846-AF6F-C755F69F86E7}.Debug|Any CPU.Build.0 = Debug|Any CPU
		{0E744F87-685C-4846-AF6F-C755F69F86E7}.Release|Any CPU.ActiveCfg = Release|Any CPU
		{0E744F87-685C-4846-AF6F-C755F69F86E7}.Release|Any CPU.Build.0 = Release|Any CPU
		{8EEDFEB8-F694-4A6C-B414-2E8E8C5E38CF}.Debug|Any CPU.ActiveCfg = Debug|Any CPU
		{8EEDFEB8-F694-4A6C-B414-2E8E8C5E38CF}.Debug|Any CPU.Build.0 = Debug|Any CPU
		{8EEDFEB8-F694-4A6C-B414-2E8E8C5E38CF}.Release|Any CPU.ActiveCfg = Release|Any CPU
		{8EEDFEB8-F694-4A6C-B414-2E8E8C5E38CF}.Release|Any CPU.Build.0 = Release|Any CPU
		{B311E84C-677C-423F-83FF-C42354DB5E0B}.Debug|Any CPU.ActiveCfg = Debug|Any CPU
		{B311E84C-677C-423F-83FF-C42354DB5E0B}.Debug|Any CPU.Build.0 = Debug|Any CPU
		{B311E84C-677C-423F-83FF-C42354DB5E0B}.Release|Any CPU.ActiveCfg = Release|Any CPU
		{B311E84C-677C-423F-83FF-C42354DB5E0B}.Release|Any CPU.Build.0 = Release|Any CPU
		{6BB525AD-36BB-432C-9B84-C02037453B25}.Debug|Any CPU.ActiveCfg = Debug|Any CPU
		{6BB525AD-36BB-432C-9B84-C02037453B25}.Debug|Any CPU.Build.0 = Debug|Any CPU
		{6BB525AD-36BB-432C-9B84-C02037453B25}.Release|Any CPU.ActiveCfg = Release|Any CPU
		{6BB525AD-36BB-432C-9B84-C02037453B25}.Release|Any CPU.Build.0 = Release|Any CPU
		{BBF1DCB6-30F1-4DA2-B51D-9330CD67F3A8}.Debug|Any CPU.ActiveCfg = Debug|Any CPU
		{BBF1DCB6-30F1-4DA2-B51D-9330CD67F3A8}.Debug|Any CPU.Build.0 = Debug|Any CPU
		{BBF1DCB6-30F1-4DA2-B51D-9330CD67F3A8}.Release|Any CPU.ActiveCfg = Release|Any CPU
		{BBF1DCB6-30F1-4DA2-B51D-9330CD67F3A8}.Release|Any CPU.Build.0 = Release|Any CPU
		{B3CDE801-C691-4BEF-950A-46D472AC3B12}.Debug|Any CPU.ActiveCfg = Debug|Any CPU
		{B3CDE801-C691-4BEF-950A-46D472AC3B12}.Debug|Any CPU.Build.0 = Debug|Any CPU
		{B3CDE801-C691-4BEF-950A-46D472AC3B12}.Release|Any CPU.ActiveCfg = Release|Any CPU
		{B3CDE801-C691-4BEF-950A-46D472AC3B12}.Release|Any CPU.Build.0 = Release|Any CPU
		{9D8D686F-ED04-4B10-AAAD-48BA13A54D4C}.Debug|Any CPU.ActiveCfg = Debug|Any CPU
		{9D8D686F-ED04-4B10-AAAD-48BA13A54D4C}.Debug|Any CPU.Build.0 = Debug|Any CPU
		{9D8D686F-ED04-4B10-AAAD-48BA13A54D4C}.Release|Any CPU.ActiveCfg = Release|Any CPU
		{9D8D686F-ED04-4B10-AAAD-48BA13A54D4C}.Release|Any CPU.Build.0 = Release|Any CPU
		{89EA35EA-3380-424B-9248-190778449BDF}.Debug|Any CPU.ActiveCfg = Debug|Any CPU
		{89EA35EA-3380-424B-9248-190778449BDF}.Debug|Any CPU.Build.0 = Debug|Any CPU
		{89EA35EA-3380-424B-9248-190778449BDF}.Release|Any CPU.ActiveCfg = Release|Any CPU
		{89EA35EA-3380-424B-9248-190778449BDF}.Release|Any CPU.Build.0 = Release|Any CPU
		{6522A93C-F320-4373-84B6-959A1DA81E1F}.Debug|Any CPU.ActiveCfg = Debug|Any CPU
		{6522A93C-F320-4373-84B6-959A1DA81E1F}.Debug|Any CPU.Build.0 = Debug|Any CPU
		{6522A93C-F320-4373-84B6-959A1DA81E1F}.Release|Any CPU.ActiveCfg = Release|Any CPU
		{6522A93C-F320-4373-84B6-959A1DA81E1F}.Release|Any CPU.Build.0 = Release|Any CPU
		{8B3E64D3-AC74-490D-96DB-4928D93C73B1}.Debug|Any CPU.ActiveCfg = Debug|Any CPU
		{8B3E64D3-AC74-490D-96DB-4928D93C73B1}.Debug|Any CPU.Build.0 = Debug|Any CPU
		{8B3E64D3-AC74-490D-96DB-4928D93C73B1}.Release|Any CPU.ActiveCfg = Release|Any CPU
		{8B3E64D3-AC74-490D-96DB-4928D93C73B1}.Release|Any CPU.Build.0 = Release|Any CPU
		{13345F05-7B73-4AF3-ACC4-51E605BA8D76}.Debug|Any CPU.ActiveCfg = Debug|Any CPU
		{13345F05-7B73-4AF3-ACC4-51E605BA8D76}.Debug|Any CPU.Build.0 = Debug|Any CPU
		{13345F05-7B73-4AF3-ACC4-51E605BA8D76}.Release|Any CPU.ActiveCfg = Release|Any CPU
		{13345F05-7B73-4AF3-ACC4-51E605BA8D76}.Release|Any CPU.Build.0 = Release|Any CPU
		{52B74A02-A5C5-4F35-88DE-3B2E5D3BAA6D}.Debug|Any CPU.ActiveCfg = Debug|Any CPU
		{52B74A02-A5C5-4F35-88DE-3B2E5D3BAA6D}.Debug|Any CPU.Build.0 = Debug|Any CPU
		{52B74A02-A5C5-4F35-88DE-3B2E5D3BAA6D}.Release|Any CPU.ActiveCfg = Release|Any CPU
		{52B74A02-A5C5-4F35-88DE-3B2E5D3BAA6D}.Release|Any CPU.Build.0 = Release|Any CPU
	EndGlobalSection
	GlobalSection(SolutionProperties) = preSolution
		HideSolutionNode = FALSE
	EndGlobalSection
	GlobalSection(NestedProjects) = preSolution
		{D1D9E541-5574-4E57-B639-8740FB21BABB} = {8A64362E-CE0B-4189-850E-E9AF3C954785}
		{923DAA5E-5D52-4459-9547-FCFAABA7DFA3} = {AB9418F3-60ED-4EE7-A3F3-12FC1CBEFD0B}
		{3C87CADE-F2D9-4669-97C1-037574474136} = {0D3F741B-3F40-4CCA-9999-15E9CF313D4E}
		{29823B1F-3E2B-4C59-9D69-CC3EFF869A33} = {0D3F741B-3F40-4CCA-9999-15E9CF313D4E}
		{11C2DC57-A14D-493A-9D0A-8623BC3DD975} = {0D3F741B-3F40-4CCA-9999-15E9CF313D4E}
		{0E744F87-685C-4846-AF6F-C755F69F86E7} = {643DC34B-8100-4A51-A267-C935F40532A4}
		{8EEDFEB8-F694-4A6C-B414-2E8E8C5E38CF} = {643DC34B-8100-4A51-A267-C935F40532A4}
		{B311E84C-677C-423F-83FF-C42354DB5E0B} = {643DC34B-8100-4A51-A267-C935F40532A4}
		{6BB525AD-36BB-432C-9B84-C02037453B25} = {C3F46E3A-E23F-426B-B3C4-00617DD98CC3}
		{BBF1DCB6-30F1-4DA2-B51D-9330CD67F3A8} = {C3F46E3A-E23F-426B-B3C4-00617DD98CC3}
		{B3CDE801-C691-4BEF-950A-46D472AC3B12} = {C3F46E3A-E23F-426B-B3C4-00617DD98CC3}
		{9D8D686F-ED04-4B10-AAAD-48BA13A54D4C} = {D67D4B4A-8F71-4F83-9CD4-8EA04968B6DF}
		{89EA35EA-3380-424B-9248-190778449BDF} = {D67D4B4A-8F71-4F83-9CD4-8EA04968B6DF}
		{6522A93C-F320-4373-84B6-959A1DA81E1F} = {D67D4B4A-8F71-4F83-9CD4-8EA04968B6DF}
		{8B3E64D3-AC74-490D-96DB-4928D93C73B1} = {582DCDC8-2A3A-48CC-B3F6-A2BF0E60B3D2}
		{13345F05-7B73-4AF3-ACC4-51E605BA8D76} = {582DCDC8-2A3A-48CC-B3F6-A2BF0E60B3D2}
		{52B74A02-A5C5-4F35-88DE-3B2E5D3BAA6D} = {582DCDC8-2A3A-48CC-B3F6-A2BF0E60B3D2}
	EndGlobalSection
	GlobalSection(ExtensibilityGlobals) = postSolution
		SolutionGuid = {5DE05C2F-A989-4811-AC67-DB9E164FA959}
	EndGlobalSection
EndGlobal
